
Microsoft Visual Studio Solution File, Format Version 12.00
# Visual Studio Version 17
VisualStudioVersion = 17.0.31912.275
MinimumVisualStudioVersion = 10.0.40219.1
Project("{FAE04EC0-301F-11D3-BF4B-00C04F79EFBC}") = "CodeStats.Client", "CodeStats.Client\CodeStats.Client.csproj", "{4625D401-116F-4533-B0E2-4AD7CA0A29BD}"
EndProject
Global
	GlobalSection(SolutionConfigurationPlatforms) = preSolution
		Debug|Any CPU = Debug|Any CPU
		Debug|x64 = Debug|x64
		Release|Any CPU = Release|Any CPU
		Release|x64 = Release|x64
	EndGlobalSection
	GlobalSection(ProjectConfigurationPlatforms) = postSolution
		{4625D401-116F-4533-B0E2-4AD7CA0A29BD}.Debug|Any CPU.ActiveCfg = Debug|Any CPU
		{4625D401-116F-4533-B0E2-4AD7CA0A29BD}.Debug|Any CPU.Build.0 = Debug|Any CPU
		{4625D401-116F-4533-B0E2-4AD7CA0A29BD}.Debug|x64.ActiveCfg = Debug|x64
		{4625D401-116F-4533-B0E2-4AD7CA0A29BD}.Debug|x64.Build.0 = Debug|x64
		{4625D401-116F-4533-B0E2-4AD7CA0A29BD}.Release|Any CPU.ActiveCfg = Release|Any CPU
		{4625D401-116F-4533-B0E2-4AD7CA0A29BD}.Release|Any CPU.Build.0 = Release|Any CPU
		{4625D401-116F-4533-B0E2-4AD7CA0A29BD}.Release|x64.ActiveCfg = Release|x64
		{4625D401-116F-4533-B0E2-4AD7CA0A29BD}.Release|x64.Build.0 = Release|x64
	EndGlobalSection
	GlobalSection(SolutionProperties) = preSolution
		HideSolutionNode = FALSE
	EndGlobalSection
	GlobalSection(ExtensibilityGlobals) = postSolution
		SolutionGuid = {08E6B661-4060-4ED4-AB9C-0DC66EC14D13}
	EndGlobalSection
EndGlobal
